
Microsoft Visual Studio Solution File, Format Version 12.00
# Visual Studio 15
VisualStudioVersion = 15.0.28307.902
MinimumVisualStudioVersion = 10.0.40219.1
Project("{FAE04EC0-301F-11D3-BF4B-00C04F79EFBC}") = "job_offers_websit", "job_offers_websit\job_offers_websit.csproj", "{51724DA4-CE8D-4EA5-8541-88A2C697929F}"
EndProject
Global
	GlobalSection(SolutionConfigurationPlatforms) = preSolution
		Debug|Any CPU = Debug|Any CPU
		Release|Any CPU = Release|Any CPU
	EndGlobalSection
	GlobalSection(ProjectConfigurationPlatforms) = postSolution
		{51724DA4-CE8D-4EA5-8541-88A2C697929F}.Debug|Any CPU.ActiveCfg = Debug|Any CPU
		{51724DA4-CE8D-4EA5-8541-88A2C697929F}.Debug|Any CPU.Build.0 = Debug|Any CPU
		{51724DA4-CE8D-4EA5-8541-88A2C697929F}.Release|Any CPU.ActiveCfg = Release|Any CPU
		{51724DA4-CE8D-4EA5-8541-88A2C697929F}.Release|Any CPU.Build.0 = Release|Any CPU
	EndGlobalSection
	GlobalSection(SolutionProperties) = preSolution
		HideSolutionNode = FALSE
	EndGlobalSection
	GlobalSection(ExtensibilityGlobals) = postSolution
		SolutionGuid = {79D321BE-D2B7-4BD5-8147-F004029F2DA2}
	EndGlobalSection
EndGlobal
